// !$*UTF8*$!
{
	archiveVersion = 1;
	classes = {
	};
	objectVersion = 50;
	objects = {

/* Begin PBXBuildFile section */
		8DA40147229549F300416798 /* UserInputCell.swift in Sources */ = {isa = PBXBuildFile; fileRef = 8DA40146229549F300416798 /* UserInputCell.swift */; };
		8DED4BC3229574B000CF4DD7 /* RankingViewController.swift in Sources */ = {isa = PBXBuildFile; fileRef = 8DED4BC2229574B000CF4DD7 /* RankingViewController.swift */; };
		8DED4BC5229576E700CF4DD7 /* RankCell.swift in Sources */ = {isa = PBXBuildFile; fileRef = 8DED4BC4229576E700CF4DD7 /* RankCell.swift */; };
		8DED4BC92296967400CF4DD7 /* FixedBallViewController.swift in Sources */ = {isa = PBXBuildFile; fileRef = 8DED4BC82296967400CF4DD7 /* FixedBallViewController.swift */; };
		8DED4BCB2296970800CF4DD7 /* FixedBallCell.swift in Sources */ = {isa = PBXBuildFile; fileRef = 8DED4BCA2296970800CF4DD7 /* FixedBallCell.swift */; };
		8E03060E2293E531001FD4C0 /* AppDelegate.swift in Sources */ = {isa = PBXBuildFile; fileRef = 8E03060D2293E531001FD4C0 /* AppDelegate.swift */; };
		8E0306132293E531001FD4C0 /* Main.storyboard in Resources */ = {isa = PBXBuildFile; fileRef = 8E0306112293E531001FD4C0 /* Main.storyboard */; };
		8E0306152293E533001FD4C0 /* Assets.xcassets in Resources */ = {isa = PBXBuildFile; fileRef = 8E0306142293E533001FD4C0 /* Assets.xcassets */; };
		8E0306182293E533001FD4C0 /* LaunchScreen.storyboard in Resources */ = {isa = PBXBuildFile; fileRef = 8E0306162293E533001FD4C0 /* LaunchScreen.storyboard */; };
		8E030620229408AF001FD4C0 /* FirstViewController.swift in Sources */ = {isa = PBXBuildFile; fileRef = 8E03061F229408AF001FD4C0 /* FirstViewController.swift */; };
		8E03062222941BD5001FD4C0 /* RandomViewController.swift in Sources */ = {isa = PBXBuildFile; fileRef = 8E03062122941BD5001FD4C0 /* RandomViewController.swift */; };
		8E03062422941BFB001FD4C0 /* UserInputViewController.swift in Sources */ = {isa = PBXBuildFile; fileRef = 8E03062322941BFB001FD4C0 /* UserInputViewController.swift */; };
		8E03062922942227001FD4C0 /* UIViewExtension.swift in Sources */ = {isa = PBXBuildFile; fileRef = 8E03062822942227001FD4C0 /* UIViewExtension.swift */; };
		8E03062B22951DA0001FD4C0 /* LottoriCodable.swift in Sources */ = {isa = PBXBuildFile; fileRef = 8E03062A22951DA0001FD4C0 /* LottoriCodable.swift */; };
		8E03062D22953BFB001FD4C0 /* QRCodeScanningViewController.swift in Sources */ = {isa = PBXBuildFile; fileRef = 8E03062C22953BFB001FD4C0 /* QRCodeScanningViewController.swift */; };
		8E1859C1229ED3730088998E /* Logger.swift in Sources */ = {isa = PBXBuildFile; fileRef = 8E1859C0229ED3730088998E /* Logger.swift */; };
		8E1859C6229ED4EE0088998E /* FirstView.swift in Sources */ = {isa = PBXBuildFile; fileRef = 8E1859C5229ED4EE0088998E /* FirstView.swift */; };
		8E185A2D22A429B20088998E /* RandomView.swift in Sources */ = {isa = PBXBuildFile; fileRef = 8E185A2C22A429B20088998E /* RandomView.swift */; };
		8E185A2F22A429BC0088998E /* UserInputView.swift in Sources */ = {isa = PBXBuildFile; fileRef = 8E185A2E22A429BC0088998E /* UserInputView.swift */; };
		8E1E795922962A9F00428C16 /* Lottori.swift in Sources */ = {isa = PBXBuildFile; fileRef = 8E1E795822962A9F00428C16 /* Lottori.swift */; };
		8E1E795B2296B07600428C16 /* StaticData.swift in Sources */ = {isa = PBXBuildFile; fileRef = 8E1E795A2296B07600428C16 /* StaticData.swift */; };
		8E1E795D2296BB3E00428C16 /* RankDataModel.swift in Sources */ = {isa = PBXBuildFile; fileRef = 8E1E795C2296BB3E00428C16 /* RankDataModel.swift */; };
/* End PBXBuildFile section */

/* Begin PBXFileReference section */
		8DA40146229549F300416798 /* UserInputCell.swift */ = {isa = PBXFileReference; lastKnownFileType = sourcecode.swift; path = UserInputCell.swift; sourceTree = "<group>"; };
		8DED4BC2229574B000CF4DD7 /* RankingViewController.swift */ = {isa = PBXFileReference; lastKnownFileType = sourcecode.swift; path = RankingViewController.swift; sourceTree = "<group>"; };
		8DED4BC4229576E700CF4DD7 /* RankCell.swift */ = {isa = PBXFileReference; lastKnownFileType = sourcecode.swift; path = RankCell.swift; sourceTree = "<group>"; };
		8DED4BC82296967400CF4DD7 /* FixedBallViewController.swift */ = {isa = PBXFileReference; lastKnownFileType = sourcecode.swift; path = FixedBallViewController.swift; sourceTree = "<group>"; };
		8DED4BCA2296970800CF4DD7 /* FixedBallCell.swift */ = {isa = PBXFileReference; lastKnownFileType = sourcecode.swift; path = FixedBallCell.swift; sourceTree = "<group>"; };
		8E03060A2293E531001FD4C0 /* Lottori.app */ = {isa = PBXFileReference; explicitFileType = wrapper.application; includeInIndex = 0; path = Lottori.app; sourceTree = BUILT_PRODUCTS_DIR; };
		8E03060D2293E531001FD4C0 /* AppDelegate.swift */ = {isa = PBXFileReference; lastKnownFileType = sourcecode.swift; path = AppDelegate.swift; sourceTree = "<group>"; };
		8E0306122293E531001FD4C0 /* Base */ = {isa = PBXFileReference; lastKnownFileType = file.storyboard; name = Base; path = Base.lproj/Main.storyboard; sourceTree = "<group>"; };
		8E0306142293E533001FD4C0 /* Assets.xcassets */ = {isa = PBXFileReference; lastKnownFileType = folder.assetcatalog; path = Assets.xcassets; sourceTree = "<group>"; };
		8E0306172293E533001FD4C0 /* Base */ = {isa = PBXFileReference; lastKnownFileType = file.storyboard; name = Base; path = Base.lproj/LaunchScreen.storyboard; sourceTree = "<group>"; };
		8E0306192293E533001FD4C0 /* Info.plist */ = {isa = PBXFileReference; lastKnownFileType = text.plist.xml; path = Info.plist; sourceTree = "<group>"; };
		8E03061F229408AF001FD4C0 /* FirstViewController.swift */ = {isa = PBXFileReference; lastKnownFileType = sourcecode.swift; path = FirstViewController.swift; sourceTree = "<group>"; };
		8E03062122941BD5001FD4C0 /* RandomViewController.swift */ = {isa = PBXFileReference; lastKnownFileType = sourcecode.swift; path = RandomViewController.swift; sourceTree = "<group>"; };
		8E03062322941BFB001FD4C0 /* UserInputViewController.swift */ = {isa = PBXFileReference; lastKnownFileType = sourcecode.swift; path = UserInputViewController.swift; sourceTree = "<group>"; };
		8E03062822942227001FD4C0 /* UIViewExtension.swift */ = {isa = PBXFileReference; fileEncoding = 4; lastKnownFileType = sourcecode.swift; name = UIViewExtension.swift; path = Lottori/Helper/UIViewExtension.swift; sourceTree = SOURCE_ROOT; };
		8E03062A22951DA0001FD4C0 /* LottoriCodable.swift */ = {isa = PBXFileReference; lastKnownFileType = sourcecode.swift; path = LottoriCodable.swift; sourceTree = "<group>"; };
		8E03062C22953BFB001FD4C0 /* QRCodeScanningViewController.swift */ = {isa = PBXFileReference; lastKnownFileType = sourcecode.swift; path = QRCodeScanningViewController.swift; sourceTree = "<group>"; };
		8E1859C0229ED3730088998E /* Logger.swift */ = {isa = PBXFileReference; fileEncoding = 4; lastKnownFileType = sourcecode.swift; path = Logger.swift; sourceTree = "<group>"; };
		8E1859C5229ED4EE0088998E /* FirstView.swift */ = {isa = PBXFileReference; lastKnownFileType = sourcecode.swift; path = FirstView.swift; sourceTree = "<group>"; };
		8E185A2C22A429B20088998E /* RandomView.swift */ = {isa = PBXFileReference; lastKnownFileType = sourcecode.swift; path = RandomView.swift; sourceTree = "<group>"; };
		8E185A2E22A429BC0088998E /* UserInputView.swift */ = {isa = PBXFileReference; lastKnownFileType = sourcecode.swift; path = UserInputView.swift; sourceTree = "<group>"; };
		8E1E795822962A9F00428C16 /* Lottori.swift */ = {isa = PBXFileReference; lastKnownFileType = sourcecode.swift; path = Lottori.swift; sourceTree = "<group>"; };
		8E1E795A2296B07600428C16 /* StaticData.swift */ = {isa = PBXFileReference; lastKnownFileType = sourcecode.swift; path = StaticData.swift; sourceTree = "<group>"; };
		8E1E795C2296BB3E00428C16 /* RankDataModel.swift */ = {isa = PBXFileReference; lastKnownFileType = sourcecode.swift; path = RankDataModel.swift; sourceTree = "<group>"; };
/* End PBXFileReference section */

/* Begin PBXFrameworksBuildPhase section */
		8E0306072293E531001FD4C0 /* Frameworks */ = {
			isa = PBXFrameworksBuildPhase;
			buildActionMask = 2147483647;
			files = (
			);
			runOnlyForDeploymentPostprocessing = 0;
		};
/* End PBXFrameworksBuildPhase section */

/* Begin PBXGroup section */
		8E0306012293E531001FD4C0 = {
			isa = PBXGroup;
			children = (
				8E03060C2293E531001FD4C0 /* Lottori */,
				8E03060B2293E531001FD4C0 /* Products */,
			);
			sourceTree = "<group>";
		};
		8E03060B2293E531001FD4C0 /* Products */ = {
			isa = PBXGroup;
			children = (
				8E03060A2293E531001FD4C0 /* Lottori.app */,
			);
			name = Products;
			sourceTree = "<group>";
		};
		8E03060C2293E531001FD4C0 /* Lottori */ = {
			isa = PBXGroup;
			children = (
				8E03060D2293E531001FD4C0 /* AppDelegate.swift */,
				8E03062622941C31001FD4C0 /* Model */,
				8E03062522941C1C001FD4C0 /* Controller */,
				8E03062722941C3F001FD4C0 /* View */,
				8E1859C2229ED37B0088998E /* Helper */,
				8E0306112293E531001FD4C0 /* Main.storyboard */,
				8E0306142293E533001FD4C0 /* Assets.xcassets */,
				8E0306162293E533001FD4C0 /* LaunchScreen.storyboard */,
				8E0306192293E533001FD4C0 /* Info.plist */,
			);
			path = Lottori;
			sourceTree = "<group>";
		};
		8E03062522941C1C001FD4C0 /* Controller */ = {
			isa = PBXGroup;
			children = (
				8E03061F229408AF001FD4C0 /* FirstViewController.swift */,
				8E03062122941BD5001FD4C0 /* RandomViewController.swift */,
				8DED4BC82296967400CF4DD7 /* FixedBallViewController.swift */,
				8E03062322941BFB001FD4C0 /* UserInputViewController.swift */,
				8DED4BC2229574B000CF4DD7 /* RankingViewController.swift */,
				8E03062C22953BFB001FD4C0 /* QRCodeScanningViewController.swift */,
			);
			path = Controller;
			sourceTree = "<group>";
		};
		8E03062622941C31001FD4C0 /* Model */ = {
			isa = PBXGroup;
			children = (
				8E03062A22951DA0001FD4C0 /* LottoriCodable.swift */,
				8E1E795C2296BB3E00428C16 /* RankDataModel.swift */,
				8E1E795A2296B07600428C16 /* StaticData.swift */,
				8E1E795822962A9F00428C16 /* Lottori.swift */,
			);
			path = Model;
			sourceTree = "<group>";
		};
		8E03062722941C3F001FD4C0 /* View */ = {
			isa = PBXGroup;
			children = (
				8E1859C5229ED4EE0088998E /* FirstView.swift */,
				8E185A2C22A429B20088998E /* RandomView.swift */,
				8E185A2E22A429BC0088998E /* UserInputView.swift */,
				8E1859C3229ED3CD0088998E /* Cell */,
			);
			path = View;
			sourceTree = "<group>";
		};
		8E1859C2229ED37B0088998E /* Helper */ = {
			isa = PBXGroup;
			children = (
				8E03062822942227001FD4C0 /* UIViewExtension.swift */,
				8E1859C0229ED3730088998E /* Logger.swift */,
			);
			path = Helper;
			sourceTree = "<group>";
		};
		8E1859C3229ED3CD0088998E /* Cell */ = {
			isa = PBXGroup;
			children = (
				8DA40146229549F300416798 /* UserInputCell.swift */,
				8DED4BC4229576E700CF4DD7 /* RankCell.swift */,
				8DED4BCA2296970800CF4DD7 /* FixedBallCell.swift */,
			);
			path = Cell;
			sourceTree = "<group>";
		};
/* End PBXGroup section */

/* Begin PBXNativeTarget section */
		8E0306092293E531001FD4C0 /* Lottori */ = {
			isa = PBXNativeTarget;
			buildConfigurationList = 8E03061C2293E533001FD4C0 /* Build configuration list for PBXNativeTarget "Lottori" */;
			buildPhases = (
				8E0306062293E531001FD4C0 /* Sources */,
				8E0306072293E531001FD4C0 /* Frameworks */,
				8E0306082293E531001FD4C0 /* Resources */,
			);
			buildRules = (
			);
			dependencies = (
			);
			name = Lottori;
			productName = Lottori;
			productReference = 8E03060A2293E531001FD4C0 /* Lottori.app */;
			productType = "com.apple.product-type.application";
		};
/* End PBXNativeTarget section */

/* Begin PBXProject section */
		8E0306022293E531001FD4C0 /* Project object */ = {
			isa = PBXProject;
			attributes = {
				LastSwiftUpdateCheck = 1020;
				LastUpgradeCheck = 1020;
				ORGANIZATIONNAME = "chang sic jung";
				TargetAttributes = {
					8E0306092293E531001FD4C0 = {
						CreatedOnToolsVersion = 10.2.1;
					};
				};
			};
			buildConfigurationList = 8E0306052293E531001FD4C0 /* Build configuration list for PBXProject "Lottori" */;
			compatibilityVersion = "Xcode 9.3";
			developmentRegion = en;
			hasScannedForEncodings = 0;
			knownRegions = (
				en,
				Base,
			);
			mainGroup = 8E0306012293E531001FD4C0;
			productRefGroup = 8E03060B2293E531001FD4C0 /* Products */;
			projectDirPath = "";
			projectRoot = "";
			targets = (
				8E0306092293E531001FD4C0 /* Lottori */,
			);
		};
/* End PBXProject section */

/* Begin PBXResourcesBuildPhase section */
		8E0306082293E531001FD4C0 /* Resources */ = {
			isa = PBXResourcesBuildPhase;
			buildActionMask = 2147483647;
			files = (
				8E0306182293E533001FD4C0 /* LaunchScreen.storyboard in Resources */,
				8E0306152293E533001FD4C0 /* Assets.xcassets in Resources */,
				8E0306132293E531001FD4C0 /* Main.storyboard in Resources */,
			);
			runOnlyForDeploymentPostprocessing = 0;
		};
/* End PBXResourcesBuildPhase section */

/* Begin PBXSourcesBuildPhase section */
		8E0306062293E531001FD4C0 /* Sources */ = {
			isa = PBXSourcesBuildPhase;
			buildActionMask = 2147483647;
			files = (
				8E185A2F22A429BC0088998E /* UserInputView.swift in Sources */,
				8E03062922942227001FD4C0 /* UIViewExtension.swift in Sources */,
				8E03062222941BD5001FD4C0 /* RandomViewController.swift in Sources */,
				8DED4BC92296967400CF4DD7 /* FixedBallViewController.swift in Sources */,
				8E030620229408AF001FD4C0 /* FirstViewController.swift in Sources */,
				8E03062422941BFB001FD4C0 /* UserInputViewController.swift in Sources */,
				8E03062B22951DA0001FD4C0 /* LottoriCodable.swift in Sources */,
				8E1E795B2296B07600428C16 /* StaticData.swift in Sources */,
				8E1859C1229ED3730088998E /* Logger.swift in Sources */,
				8E1E795922962A9F00428C16 /* Lottori.swift in Sources */,
				8E185A2D22A429B20088998E /* RandomView.swift in Sources */,
				8DA40147229549F300416798 /* UserInputCell.swift in Sources */,
				8E03062D22953BFB001FD4C0 /* QRCodeScanningViewController.swift in Sources */,
				8DED4BC5229576E700CF4DD7 /* RankCell.swift in Sources */,
				8E1859C6229ED4EE0088998E /* FirstView.swift in Sources */,
				8E03060E2293E531001FD4C0 /* AppDelegate.swift in Sources */,
				8DED4BCB2296970800CF4DD7 /* FixedBallCell.swift in Sources */,
				8DED4BC3229574B000CF4DD7 /* RankingViewController.swift in Sources */,
				8E1E795D2296BB3E00428C16 /* RankDataModel.swift in Sources */,
			);
			runOnlyForDeploymentPostprocessing = 0;
		};
/* End PBXSourcesBuildPhase section */

/* Begin PBXVariantGroup section */
		8E0306112293E531001FD4C0 /* Main.storyboard */ = {
			isa = PBXVariantGroup;
			children = (
				8E0306122293E531001FD4C0 /* Base */,
			);
			name = Main.storyboard;
			sourceTree = "<group>";
		};
		8E0306162293E533001FD4C0 /* LaunchScreen.storyboard */ = {
			isa = PBXVariantGroup;
			children = (
				8E0306172293E533001FD4C0 /* Base */,
			);
			name = LaunchScreen.storyboard;
			sourceTree = "<group>";
		};
/* End PBXVariantGroup section */

/* Begin XCBuildConfiguration section */
		8E03061A2293E533001FD4C0 /* Debug */ = {
			isa = XCBuildConfiguration;
			buildSettings = {
				ALWAYS_SEARCH_USER_PATHS = NO;
				CLANG_ANALYZER_NONNULL = YES;
				CLANG_ANALYZER_NUMBER_OBJECT_CONVERSION = YES_AGGRESSIVE;
				CLANG_CXX_LANGUAGE_STANDARD = "gnu++14";
				CLANG_CXX_LIBRARY = "libc++";
				CLANG_ENABLE_MODULES = YES;
				CLANG_ENABLE_OBJC_ARC = YES;
				CLANG_ENABLE_OBJC_WEAK = YES;
				CLANG_WARN_BLOCK_CAPTURE_AUTORELEASING = YES;
				CLANG_WARN_BOOL_CONVERSION = YES;
				CLANG_WARN_COMMA = YES;
				CLANG_WARN_CONSTANT_CONVERSION = YES;
				CLANG_WARN_DEPRECATED_OBJC_IMPLEMENTATIONS = YES;
				CLANG_WARN_DIRECT_OBJC_ISA_USAGE = YES_ERROR;
				CLANG_WARN_DOCUMENTATION_COMMENTS = YES;
				CLANG_WARN_EMPTY_BODY = YES;
				CLANG_WARN_ENUM_CONVERSION = YES;
				CLANG_WARN_INFINITE_RECURSION = YES;
				CLANG_WARN_INT_CONVERSION = YES;
				CLANG_WARN_NON_LITERAL_NULL_CONVERSION = YES;
				CLANG_WARN_OBJC_IMPLICIT_RETAIN_SELF = YES;
				CLANG_WARN_OBJC_LITERAL_CONVERSION = YES;
				CLANG_WARN_OBJC_ROOT_CLASS = YES_ERROR;
				CLANG_WARN_RANGE_LOOP_ANALYSIS = YES;
				CLANG_WARN_STRICT_PROTOTYPES = YES;
				CLANG_WARN_SUSPICIOUS_MOVE = YES;
				CLANG_WARN_UNGUARDED_AVAILABILITY = YES_AGGRESSIVE;
				CLANG_WARN_UNREACHABLE_CODE = YES;
				CLANG_WARN__DUPLICATE_METHOD_MATCH = YES;
				CODE_SIGN_IDENTITY = "iPhone Developer";
				COPY_PHASE_STRIP = NO;
				DEBUG_INFORMATION_FORMAT = dwarf;
				ENABLE_STRICT_OBJC_MSGSEND = YES;
				ENABLE_TESTABILITY = YES;
				GCC_C_LANGUAGE_STANDARD = gnu11;
				GCC_DYNAMIC_NO_PIC = NO;
				GCC_NO_COMMON_BLOCKS = YES;
				GCC_OPTIMIZATION_LEVEL = 0;
				GCC_PREPROCESSOR_DEFINITIONS = (
					"DEBUG=1",
					"$(inherited)",
				);
				GCC_WARN_64_TO_32_BIT_CONVERSION = YES;
				GCC_WARN_ABOUT_RETURN_TYPE = YES_ERROR;
				GCC_WARN_UNDECLARED_SELECTOR = YES;
				GCC_WARN_UNINITIALIZED_AUTOS = YES_AGGRESSIVE;
				GCC_WARN_UNUSED_FUNCTION = YES;
				GCC_WARN_UNUSED_VARIABLE = YES;
				IPHONEOS_DEPLOYMENT_TARGET = 12.2;
				MTL_ENABLE_DEBUG_INFO = INCLUDE_SOURCE;
				MTL_FAST_MATH = YES;
				ONLY_ACTIVE_ARCH = YES;
				SDKROOT = iphoneos;
				SWIFT_ACTIVE_COMPILATION_CONDITIONS = DEBUG;
				SWIFT_OPTIMIZATION_LEVEL = "-Onone";
			};
			name = Debug;
		};
		8E03061B2293E533001FD4C0 /* Release */ = {
			isa = XCBuildConfiguration;
			buildSettings = {
				ALWAYS_SEARCH_USER_PATHS = NO;
				CLANG_ANALYZER_NONNULL = YES;
				CLANG_ANALYZER_NUMBER_OBJECT_CONVERSION = YES_AGGRESSIVE;
				CLANG_CXX_LANGUAGE_STANDARD = "gnu++14";
				CLANG_CXX_LIBRARY = "libc++";
				CLANG_ENABLE_MODULES = YES;
				CLANG_ENABLE_OBJC_ARC = YES;
				CLANG_ENABLE_OBJC_WEAK = YES;
				CLANG_WARN_BLOCK_CAPTURE_AUTORELEASING = YES;
				CLANG_WARN_BOOL_CONVERSION = YES;
				CLANG_WARN_COMMA = YES;
				CLANG_WARN_CONSTANT_CONVERSION = YES;
				CLANG_WARN_DEPRECATED_OBJC_IMPLEMENTATIONS = YES;
				CLANG_WARN_DIRECT_OBJC_ISA_USAGE = YES_ERROR;
				CLANG_WARN_DOCUMENTATION_COMMENTS = YES;
				CLANG_WARN_EMPTY_BODY = YES;
				CLANG_WARN_ENUM_CONVERSION = YES;
				CLANG_WARN_INFINITE_RECURSION = YES;
				CLANG_WARN_INT_CONVERSION = YES;
				CLANG_WARN_NON_LITERAL_NULL_CONVERSION = YES;
				CLANG_WARN_OBJC_IMPLICIT_RETAIN_SELF = YES;
				CLANG_WARN_OBJC_LITERAL_CONVERSION = YES;
				CLANG_WARN_OBJC_ROOT_CLASS = YES_ERROR;
				CLANG_WARN_RANGE_LOOP_ANALYSIS = YES;
				CLANG_WARN_STRICT_PROTOTYPES = YES;
				CLANG_WARN_SUSPICIOUS_MOVE = YES;
				CLANG_WARN_UNGUARDED_AVAILABILITY = YES_AGGRESSIVE;
				CLANG_WARN_UNREACHABLE_CODE = YES;
				CLANG_WARN__DUPLICATE_METHOD_MATCH = YES;
				CODE_SIGN_IDENTITY = "iPhone Developer";
				COPY_PHASE_STRIP = NO;
				DEBUG_INFORMATION_FORMAT = "dwarf-with-dsym";
				ENABLE_NS_ASSERTIONS = NO;
				ENABLE_STRICT_OBJC_MSGSEND = YES;
				GCC_C_LANGUAGE_STANDARD = gnu11;
				GCC_NO_COMMON_BLOCKS = YES;
				GCC_WARN_64_TO_32_BIT_CONVERSION = YES;
				GCC_WARN_ABOUT_RETURN_TYPE = YES_ERROR;
				GCC_WARN_UNDECLARED_SELECTOR = YES;
				GCC_WARN_UNINITIALIZED_AUTOS = YES_AGGRESSIVE;
				GCC_WARN_UNUSED_FUNCTION = YES;
				GCC_WARN_UNUSED_VARIABLE = YES;
				IPHONEOS_DEPLOYMENT_TARGET = 12.2;
				MTL_ENABLE_DEBUG_INFO = NO;
				MTL_FAST_MATH = YES;
				SDKROOT = iphoneos;
				SWIFT_COMPILATION_MODE = wholemodule;
				SWIFT_OPTIMIZATION_LEVEL = "-O";
				VALIDATE_PRODUCT = YES;
			};
			name = Release;
		};
		8E03061D2293E533001FD4C0 /* Debug */ = {
			isa = XCBuildConfiguration;
			buildSettings = {
				ASSETCATALOG_COMPILER_APPICON_NAME = AppIcon;
				CODE_SIGN_IDENTITY = "iPhone Developer";
				CODE_SIGN_STYLE = Automatic;
				DEVELOPMENT_TEAM = G4MM77V7NH;
				INFOPLIST_FILE = Lottori/Info.plist;
				IPHONEOS_DEPLOYMENT_TARGET = 12.0;
				LD_RUNPATH_SEARCH_PATHS = (
					"$(inherited)",
					"@executable_path/Frameworks",
				);
				PRODUCT_BUNDLE_IDENTIFIER = changsik;
				PRODUCT_NAME = "$(TARGET_NAME)";
				PROVISIONING_PROFILE_SPECIFIER = "";
				SWIFT_VERSION = 5.0;
				TARGETED_DEVICE_FAMILY = "1,2";
			};
			name = Debug;
		};
		8E03061E2293E533001FD4C0 /* Release */ = {
			isa = XCBuildConfiguration;
			buildSettings = {
				ASSETCATALOG_COMPILER_APPICON_NAME = AppIcon;
				CODE_SIGN_IDENTITY = "iPhone Developer";
				CODE_SIGN_STYLE = Automatic;
				DEVELOPMENT_TEAM = G4MM77V7NH;
				INFOPLIST_FILE = Lottori/Info.plist;
				IPHONEOS_DEPLOYMENT_TARGET = 12.0;
				LD_RUNPATH_SEARCH_PATHS = (
					"$(inherited)",
					"@executable_path/Frameworks",
				);
				PRODUCT_BUNDLE_IDENTIFIER = changsik;
				PRODUCT_NAME = "$(TARGET_NAME)";
				PROVISIONING_PROFILE_SPECIFIER = "";
				SWIFT_VERSION = 5.0;
				TARGETED_DEVICE_FAMILY = "1,2";
			};
			name = Release;
		};
/* End XCBuildConfiguration section */

/* Begin XCConfigurationList section */
		8E0306052293E531001FD4C0 /* Build configuration list for PBXProject "Lottori" */ = {
			isa = XCConfigurationList;
			buildConfigurations = (
				8E03061A2293E533001FD4C0 /* Debug */,
				8E03061B2293E533001FD4C0 /* Release */,
			);
			defaultConfigurationIsVisible = 0;
			defaultConfigurationName = Release;
		};
		8E03061C2293E533001FD4C0 /* Build configuration list for PBXNativeTarget "Lottori" */ = {
			isa = XCConfigurationList;
			buildConfigurations = (
				8E03061D2293E533001FD4C0 /* Debug */,
				8E03061E2293E533001FD4C0 /* Release */,
			);
			defaultConfigurationIsVisible = 0;
			defaultConfigurationName = Release;
		};
/* End XCConfigurationList section */
	};
	rootObject = 8E0306022293E531001FD4C0 /* Project object */;
}
